
Microsoft Visual Studio Solution File, Format Version 12.00
# Visual Studio Version 16
VisualStudioVersion = 16.0.30104.148
MinimumVisualStudioVersion = 10.0.40219.1
Project("{FAE04EC0-301F-11D3-BF4B-00C04F79EFBC}") = "ShowRoom", "ShowRoom\ShowRoom.csproj", "{57A1790F-B1DE-433E-BF07-83172443C136}"
EndProject
Global
	GlobalSection(SolutionConfigurationPlatforms) = preSolution
		Debug|Any CPU = Debug|Any CPU
		Release|Any CPU = Release|Any CPU
	EndGlobalSection
	GlobalSection(ProjectConfigurationPlatforms) = postSolution
		{57A1790F-B1DE-433E-BF07-83172443C136}.Debug|Any CPU.ActiveCfg = Debug|Any CPU
		{57A1790F-B1DE-433E-BF07-83172443C136}.Debug|Any CPU.Build.0 = Debug|Any CPU
		{57A1790F-B1DE-433E-BF07-83172443C136}.Release|Any CPU.ActiveCfg = Release|Any CPU
		{57A1790F-B1DE-433E-BF07-83172443C136}.Release|Any CPU.Build.0 = Release|Any CPU
	EndGlobalSection
	GlobalSection(SolutionProperties) = preSolution
		HideSolutionNode = FALSE
	EndGlobalSection
	GlobalSection(ExtensibilityGlobals) = postSolution
		SolutionGuid = {F1468161-6AF9-4B28-B7D0-407134AC0981}
	EndGlobalSection
EndGlobal
